
Microsoft Visual Studio Solution File, Format Version 12.00
# Visual Studio 15
VisualStudioVersion = 15.0.28307.902
MinimumVisualStudioVersion = 10.0.40219.1
Project("{FAE04EC0-301F-11D3-BF4B-00C04F79EFBC}") = "StockHistoryInformation", "StockHistoryInformation\StockHistoryInformation.csproj", "{4C787827-4C4B-487A-AD87-D0F61965F4CE}"
EndProject
Project("{FAE04EC0-301F-11D3-BF4B-00C04F79EFBC}") = "FlickrViewer", "FlickrViewer\FlickrViewer.csproj", "{A8060012-E14D-4E12-808B-019DF2169F1C}"
EndProject
Global
	GlobalSection(SolutionConfigurationPlatforms) = preSolution
		Debug|Any CPU = Debug|Any CPU
		Release|Any CPU = Release|Any CPU
	EndGlobalSection
	GlobalSection(ProjectConfigurationPlatforms) = postSolution
		{4C787827-4C4B-487A-AD87-D0F61965F4CE}.Debug|Any CPU.ActiveCfg = Debug|Any CPU
		{4C787827-4C4B-487A-AD87-D0F61965F4CE}.Debug|Any CPU.Build.0 = Debug|Any CPU
		{4C787827-4C4B-487A-AD87-D0F61965F4CE}.Release|Any CPU.ActiveCfg = Release|Any CPU
		{4C787827-4C4B-487A-AD87-D0F61965F4CE}.Release|Any CPU.Build.0 = Release|Any CPU
		{A8060012-E14D-4E12-808B-019DF2169F1C}.Debug|Any CPU.ActiveCfg = Debug|Any CPU
		{A8060012-E14D-4E12-808B-019DF2169F1C}.Debug|Any CPU.Build.0 = Debug|Any CPU
		{A8060012-E14D-4E12-808B-019DF2169F1C}.Release|Any CPU.ActiveCfg = Release|Any CPU
		{A8060012-E14D-4E12-808B-019DF2169F1C}.Release|Any CPU.Build.0 = Release|Any CPU
	EndGlobalSection
	GlobalSection(SolutionProperties) = preSolution
		HideSolutionNode = FALSE
	EndGlobalSection
	GlobalSection(ExtensibilityGlobals) = postSolution
		SolutionGuid = {5F383A15-75C9-4CB8-AA15-FFBFD2D85348}
	EndGlobalSection
EndGlobal
